
Microsoft Visual Studio Solution File, Format Version 12.00
# Visual Studio Version 17
VisualStudioVersion = 17.14.36603.0 d17.14
MinimumVisualStudioVersion = 10.0.40219.1
Project("{FAE04EC0-301F-11D3-BF4B-00C04F79EFBC}") = "smartCalculator", "smartCalculator.csproj", "{C30C6F00-195A-47D0-BC2F-F06B7F076743}"
EndProject
Global
	GlobalSection(SolutionConfigurationPlatforms) = preSolution
		Debug|Any CPU = Debug|Any CPU
		Release|Any CPU = Release|Any CPU
	EndGlobalSection
	GlobalSection(ProjectConfigurationPlatforms) = postSolution
		{C30C6F00-195A-47D0-BC2F-F06B7F076743}.Debug|Any CPU.ActiveCfg = Debug|Any CPU
		{C30C6F00-195A-47D0-BC2F-F06B7F076743}.Debug|Any CPU.Build.0 = Debug|Any CPU
		{C30C6F00-195A-47D0-BC2F-F06B7F076743}.Release|Any CPU.ActiveCfg = Release|Any CPU
		{C30C6F00-195A-47D0-BC2F-F06B7F076743}.Release|Any CPU.Build.0 = Release|Any CPU
	EndGlobalSection
	GlobalSection(SolutionProperties) = preSolution
		HideSolutionNode = FALSE
	EndGlobalSection
	GlobalSection(ExtensibilityGlobals) = postSolution
		SolutionGuid = {CE4E9ACF-1DBA-48E6-851C-1325BF887E90}
	EndGlobalSection
EndGlobal
